
Microsoft Visual Studio Solution File, Format Version 12.00
# Visual Studio Version 17
VisualStudioVersion = 17.7.33711.374
MinimumVisualStudioVersion = 10.0.40219.1
Project("{9A19103F-16F7-4668-BE54-9A1E7A4F7556}") = "Dev.UnitTesting", "Dev.UnitTesting\Dev.UnitTesting.csproj", "{8F4B3ECD-D316-4F07-A49D-62E48564D110}"
EndProject
Project("{9A19103F-16F7-4668-BE54-9A1E7A4F7556}") = "Dev.UnitTestingTests", "Dev.UnitTestingTests\Dev.UnitTestingTests.csproj", "{3A0E07E3-6F8C-4961-9E7A-20988D267FBA}"
EndProject
Project("{2150E333-8FDC-42A3-9474-1A3956D46DE8}") = "Solution Items", "Solution Items", "{44D6D727-36AA-4DC1-9CB0-2D8966D2046C}"
	ProjectSection(SolutionItems) = preProject
		.editorconfig = .editorconfig
	EndProjectSection
EndProject
Global
	GlobalSection(SolutionConfigurationPlatforms) = preSolution
		Debug|Any CPU = Debug|Any CPU
		Release|Any CPU = Release|Any CPU
	EndGlobalSection
	GlobalSection(ProjectConfigurationPlatforms) = postSolution
		{8F4B3ECD-D316-4F07-A49D-62E48564D110}.Debug|Any CPU.ActiveCfg = Debug|Any CPU
		{8F4B3ECD-D316-4F07-A49D-62E48564D110}.Debug|Any CPU.Build.0 = Debug|Any CPU
		{8F4B3ECD-D316-4F07-A49D-62E48564D110}.Release|Any CPU.ActiveCfg = Release|Any CPU
		{8F4B3ECD-D316-4F07-A49D-62E48564D110}.Release|Any CPU.Build.0 = Release|Any CPU
		{3A0E07E3-6F8C-4961-9E7A-20988D267FBA}.Debug|Any CPU.ActiveCfg = Debug|Any CPU
		{3A0E07E3-6F8C-4961-9E7A-20988D267FBA}.Debug|Any CPU.Build.0 = Debug|Any CPU
		{3A0E07E3-6F8C-4961-9E7A-20988D267FBA}.Release|Any CPU.ActiveCfg = Release|Any CPU
		{3A0E07E3-6F8C-4961-9E7A-20988D267FBA}.Release|Any CPU.Build.0 = Release|Any CPU
	EndGlobalSection
	GlobalSection(SolutionProperties) = preSolution
		HideSolutionNode = FALSE
	EndGlobalSection
	GlobalSection(ExtensibilityGlobals) = postSolution
		SolutionGuid = {C0B5E3B1-1CE5-4C35-AAF5-91A78D0A2848}
	EndGlobalSection
EndGlobal
