
Microsoft Visual Studio Solution File, Format Version 12.00
# Visual Studio Version 17
VisualStudioVersion = 17.7.33711.374
MinimumVisualStudioVersion = 10.0.40219.1
Project("{FAE04EC0-301F-11D3-BF4B-00C04F79EFBC}") = "Dev.UnitTesting", "Dev.UnitTesting\Dev.UnitTesting.csproj", "{8F4B3ECD-D316-4F07-A49D-62E48564D110}"
EndProject
Project("{FAE04EC0-301F-11D3-BF4B-00C04F79EFBC}") = "Dev.UnitTestingTests", "Dev.UnitTestingTests\Dev.UnitTestingTests.csproj", "{3A0E07E3-6F8C-4961-9E7A-20988D267FBA}"
EndProject
Global
	GlobalSection(SolutionConfigurationPlatforms) = preSolution
		Debug|Any CPU = Debug|Any CPU
		Release|Any CPU = Release|Any CPU
	EndGlobalSection
	GlobalSection(ProjectConfigurationPlatforms) = postSolution
		{8F4B3ECD-D316-4F07-A49D-62E48564D110}.Debug|Any CPU.ActiveCfg = Debug|Any CPU
		{8F4B3ECD-D316-4F07-A49D-62E48564D110}.Debug|Any CPU.Build.0 = Debug|Any CPU
		{8F4B3ECD-D316-4F07-A49D-62E48564D110}.Release|Any CPU.ActiveCfg = Release|Any CPU
		{8F4B3ECD-D316-4F07-A49D-62E48564D110}.Release|Any CPU.Build.0 = Release|Any CPU
		{3A0E07E3-6F8C-4961-9E7A-20988D267FBA}.Debug|Any CPU.ActiveCfg = Debug|Any CPU
		{3A0E07E3-6F8C-4961-9E7A-20988D267FBA}.Debug|Any CPU.Build.0 = Debug|Any CPU
		{3A0E07E3-6F8C-4961-9E7A-20988D267FBA}.Release|Any CPU.ActiveCfg = Release|Any CPU
		{3A0E07E3-6F8C-4961-9E7A-20988D267FBA}.Release|Any CPU.Build.0 = Release|Any CPU
	EndGlobalSection
	GlobalSection(SolutionProperties) = preSolution
		HideSolutionNode = FALSE
	EndGlobalSection
	GlobalSection(ExtensibilityGlobals) = postSolution
		SolutionGuid = {C0B5E3B1-1CE5-4C35-AAF5-91A78D0A2848}
	EndGlobalSection
EndGlobal
